
Microsoft Visual Studio Solution File, Format Version 12.00
# Visual Studio 15
VisualStudioVersion = 15.0.28307.705
MinimumVisualStudioVersion = 10.0.40219.1
Project("{8BC9CEB8-8B4A-11D0-8D11-00A0C91BC942}") = "OpenCV-Build", "OpenCV-Build\OpenCV-Build.vcxproj", "{1EB608AB-A9CC-49BF-8B2F-8AC104B9DAEE}"
EndProject
Global
	GlobalSection(SolutionConfigurationPlatforms) = preSolution
		Debug|x64 = Debug|x64
		Debug|x86 = Debug|x86
		Release|x64 = Release|x64
		Release|x86 = Release|x86
	EndGlobalSection
	GlobalSection(ProjectConfigurationPlatforms) = postSolution
		{1EB608AB-A9CC-49BF-8B2F-8AC104B9DAEE}.Debug|x64.ActiveCfg = Debug|x64
		{1EB608AB-A9CC-49BF-8B2F-8AC104B9DAEE}.Debug|x64.Build.0 = Debug|x64
		{1EB608AB-A9CC-49BF-8B2F-8AC104B9DAEE}.Debug|x86.ActiveCfg = Debug|Win32
		{1EB608AB-A9CC-49BF-8B2F-8AC104B9DAEE}.Debug|x86.Build.0 = Debug|Win32
		{1EB608AB-A9CC-49BF-8B2F-8AC104B9DAEE}.Release|x64.ActiveCfg = Release|x64
		{1EB608AB-A9CC-49BF-8B2F-8AC104B9DAEE}.Release|x64.Build.0 = Release|x64
		{1EB608AB-A9CC-49BF-8B2F-8AC104B9DAEE}.Release|x86.ActiveCfg = Release|Win32
		{1EB608AB-A9CC-49BF-8B2F-8AC104B9DAEE}.Release|x86.Build.0 = Release|Win32
	EndGlobalSection
	GlobalSection(SolutionProperties) = preSolution
		HideSolutionNode = FALSE
	EndGlobalSection
	GlobalSection(ExtensibilityGlobals) = postSolution
		SolutionGuid = {17BE3E1E-61F4-44D2-8148-4F6818B3E31B}
	EndGlobalSection
EndGlobal
